name: Refresh release lock

on:
  workflow_dispatch:

permissions:
  contents: write

jobs:
  refresh-release-lock:
    if: startsWith(github.ref_name, 'release-please--')
    runs-on: ubuntu-latest
    steps:
      - uses: actions/checkout@v7
      - uses: astral-sh/setup-uv@v7
      - run: uv lock
      - name: Commit refreshed lockfile
        run: |
          if git diff --quiet -- uv.lock; then
            exit 0
          fi
          git config user.name "github-actions[bot]"
          git config user.email "41898282+github-actions[bot]@users.noreply.github.com"
          git add uv.lock
          git commit -m "chore: refresh release lock"
          git push
